// !$*UTF8*$!
{
	archiveVersion = 1;
	classes = {
	};
	objectVersion = 56;
	objects = {

/* Begin PBXBuildFile section */
		C3869CDF29A1413600114656 /* StationsApi.swift in Sources */ = {isa = PBXBuildFile; fileRef = C3869CDE29A1413600114656 /* StationsApi.swift */; };
		C3869CE129A1430C00114656 /* Stations.swift in Sources */ = {isa = PBXBuildFile; fileRef = C3869CE029A1430C00114656 /* Stations.swift */; };
		C38FE84829A0DC65005BF439 /* CoocooApp.swift in Sources */ = {isa = PBXBuildFile; fileRef = C38FE84729A0DC65005BF439 /* CoocooApp.swift */; };
		C38FE84A29A0DC65005BF439 /* ContentView.swift in Sources */ = {isa = PBXBuildFile; fileRef = C38FE84929A0DC65005BF439 /* ContentView.swift */; };
		C38FE84C29A0DC67005BF439 /* Assets.xcassets in Resources */ = {isa = PBXBuildFile; fileRef = C38FE84B29A0DC67005BF439 /* Assets.xcassets */; };
		C38FE84F29A0DC67005BF439 /* Preview Assets.xcassets in Resources */ = {isa = PBXBuildFile; fileRef = C38FE84E29A0DC67005BF439 /* Preview Assets.xcassets */; };
		C38FE85929A0DC67005BF439 /* NotificationViewTests.swift in Sources */ = {isa = PBXBuildFile; fileRef = C38FE85829A0DC67005BF439 /* NotificationViewTests.swift */; };
		C38FE87229A0DC8E005BF439 /* SendNotificationUseCase.swift in Sources */ = {isa = PBXBuildFile; fileRef = C38FE87129A0DC8E005BF439 /* SendNotificationUseCase.swift */; };
		C38FE87429A0E4D7005BF439 /* SendNotificationRepository.swift in Sources */ = {isa = PBXBuildFile; fileRef = C38FE87329A0E4D7005BF439 /* SendNotificationRepository.swift */; };
		C38FE87629A0E4F9005BF439 /* NotificationModel.swift in Sources */ = {isa = PBXBuildFile; fileRef = C38FE87529A0E4F9005BF439 /* NotificationModel.swift */; };
		C38FE87A29A0E586005BF439 /* NotificationView.swift in Sources */ = {isa = PBXBuildFile; fileRef = C38FE87929A0E586005BF439 /* NotificationView.swift */; };
		C38FE87C29A0EBBB005BF439 /* ReceiveNotificationUseCase.swift in Sources */ = {isa = PBXBuildFile; fileRef = C38FE87B29A0EBBB005BF439 /* ReceiveNotificationUseCase.swift */; };
		C38FE88129A108B5005BF439 /* ReceiveNotificationRepository.swift in Sources */ = {isa = PBXBuildFile; fileRef = C38FE88029A108B5005BF439 /* ReceiveNotificationRepository.swift */; };
		C3F19A2F29A23F5100270B47 /* FetchStationsRepository.swift in Sources */ = {isa = PBXBuildFile; fileRef = C3F19A2E29A23F5100270B47 /* FetchStationsRepository.swift */; };
		C3F19A3129A240AD00270B47 /* StationsApiAdapter.swift in Sources */ = {isa = PBXBuildFile; fileRef = C3F19A3029A240AD00270B47 /* StationsApiAdapter.swift */; };
		C3F19A3329A242B300270B47 /* StationsDto.swift in Sources */ = {isa = PBXBuildFile; fileRef = C3F19A3229A242B300270B47 /* StationsDto.swift */; };
		C3F19A3529A24A7A00270B47 /* FetchStationsUseCase.swift in Sources */ = {isa = PBXBuildFile; fileRef = C3F19A3429A24A7A00270B47 /* FetchStationsUseCase.swift */; };
		C3F19A3729A24ABE00270B47 /* StationDtoMapper.swift in Sources */ = {isa = PBXBuildFile; fileRef = C3F19A3629A24ABE00270B47 /* StationDtoMapper.swift */; };
		C3F19A3C29A24ECA00270B47 /* StationListView.swift in Sources */ = {isa = PBXBuildFile; fileRef = C3F19A3B29A24ECA00270B47 /* StationListView.swift */; };
		C3F19A4A29A28C4C00270B47 /* AudioPlayerComponent.swift in Sources */ = {isa = PBXBuildFile; fileRef = C3F19A4929A28C4C00270B47 /* AudioPlayerComponent.swift */; };
/* End PBXBuildFile section */

/* Begin PBXContainerItemProxy section */
		C38FE85529A0DC67005BF439 /* PBXContainerItemProxy */ = {
			isa = PBXContainerItemProxy;
			containerPortal = C38FE83C29A0DC65005BF439 /* Project object */;
			proxyType = 1;
			remoteGlobalIDString = C38FE84329A0DC65005BF439;
			remoteInfo = Coocoo;
		};
/* End PBXContainerItemProxy section */

/* Begin PBXFileReference section */
		C3869CDE29A1413600114656 /* StationsApi.swift */ = {isa = PBXFileReference; lastKnownFileType = sourcecode.swift; path = StationsApi.swift; sourceTree = "<group>"; };
		C3869CE029A1430C00114656 /* Stations.swift */ = {isa = PBXFileReference; lastKnownFileType = sourcecode.swift; path = Stations.swift; sourceTree = "<group>"; };
		C38FE84429A0DC65005BF439 /* Coocoo.app */ = {isa = PBXFileReference; explicitFileType = wrapper.application; includeInIndex = 0; path = Coocoo.app; sourceTree = BUILT_PRODUCTS_DIR; };
		C38FE84729A0DC65005BF439 /* CoocooApp.swift */ = {isa = PBXFileReference; lastKnownFileType = sourcecode.swift; path = CoocooApp.swift; sourceTree = "<group>"; };
		C38FE84929A0DC65005BF439 /* ContentView.swift */ = {isa = PBXFileReference; lastKnownFileType = sourcecode.swift; path = ContentView.swift; sourceTree = "<group>"; };
		C38FE84B29A0DC67005BF439 /* Assets.xcassets */ = {isa = PBXFileReference; lastKnownFileType = folder.assetcatalog; path = Assets.xcassets; sourceTree = "<group>"; };
		C38FE84E29A0DC67005BF439 /* Preview Assets.xcassets */ = {isa = PBXFileReference; lastKnownFileType = folder.assetcatalog; path = "Preview Assets.xcassets"; sourceTree = "<group>"; };
		C38FE85429A0DC67005BF439 /* CoocooTests.xctest */ = {isa = PBXFileReference; explicitFileType = wrapper.cfbundle; includeInIndex = 0; path = CoocooTests.xctest; sourceTree = BUILT_PRODUCTS_DIR; };
		C38FE85829A0DC67005BF439 /* NotificationViewTests.swift */ = {isa = PBXFileReference; lastKnownFileType = sourcecode.swift; path = NotificationViewTests.swift; sourceTree = "<group>"; };
		C38FE87129A0DC8E005BF439 /* SendNotificationUseCase.swift */ = {isa = PBXFileReference; lastKnownFileType = sourcecode.swift; path = SendNotificationUseCase.swift; sourceTree = "<group>"; };
		C38FE87329A0E4D7005BF439 /* SendNotificationRepository.swift */ = {isa = PBXFileReference; lastKnownFileType = sourcecode.swift; path = SendNotificationRepository.swift; sourceTree = "<group>"; };
		C38FE87529A0E4F9005BF439 /* NotificationModel.swift */ = {isa = PBXFileReference; lastKnownFileType = sourcecode.swift; path = NotificationModel.swift; sourceTree = "<group>"; };
		C38FE87929A0E586005BF439 /* NotificationView.swift */ = {isa = PBXFileReference; lastKnownFileType = sourcecode.swift; path = NotificationView.swift; sourceTree = "<group>"; };
		C38FE87B29A0EBBB005BF439 /* ReceiveNotificationUseCase.swift */ = {isa = PBXFileReference; lastKnownFileType = sourcecode.swift; path = ReceiveNotificationUseCase.swift; sourceTree = "<group>"; };
		C38FE88029A108B5005BF439 /* ReceiveNotificationRepository.swift */ = {isa = PBXFileReference; lastKnownFileType = sourcecode.swift; path = ReceiveNotificationRepository.swift; sourceTree = "<group>"; };
		C3F19A2E29A23F5100270B47 /* FetchStationsRepository.swift */ = {isa = PBXFileReference; lastKnownFileType = sourcecode.swift; path = FetchStationsRepository.swift; sourceTree = "<group>"; };
		C3F19A3029A240AD00270B47 /* StationsApiAdapter.swift */ = {isa = PBXFileReference; lastKnownFileType = sourcecode.swift; path = StationsApiAdapter.swift; sourceTree = "<group>"; };
		C3F19A3229A242B300270B47 /* StationsDto.swift */ = {isa = PBXFileReference; lastKnownFileType = sourcecode.swift; path = StationsDto.swift; sourceTree = "<group>"; };
		C3F19A3429A24A7A00270B47 /* FetchStationsUseCase.swift */ = {isa = PBXFileReference; lastKnownFileType = sourcecode.swift; path = FetchStationsUseCase.swift; sourceTree = "<group>"; };
		C3F19A3629A24ABE00270B47 /* StationDtoMapper.swift */ = {isa = PBXFileReference; lastKnownFileType = sourcecode.swift; path = StationDtoMapper.swift; sourceTree = "<group>"; };
		C3F19A3B29A24ECA00270B47 /* StationListView.swift */ = {isa = PBXFileReference; lastKnownFileType = sourcecode.swift; path = StationListView.swift; sourceTree = "<group>"; };
		C3F19A4929A28C4C00270B47 /* AudioPlayerComponent.swift */ = {isa = PBXFileReference; lastKnownFileType = sourcecode.swift; path = AudioPlayerComponent.swift; sourceTree = "<group>"; };
		C3F19A4B29A292CA00270B47 /* Info.plist */ = {isa = PBXFileReference; lastKnownFileType = text.plist; path = Info.plist; sourceTree = "<group>"; };
		C3F19A4C29A2951A00270B47 /* Info.plist */ = {isa = PBXFileReference; lastKnownFileType = text.plist; path = Info.plist; sourceTree = "<group>"; };
/* End PBXFileReference section */

/* Begin PBXFrameworksBuildPhase section */
		C38FE84129A0DC65005BF439 /* Frameworks */ = {
			isa = PBXFrameworksBuildPhase;
			buildActionMask = 2147483647;
			files = (
			);
			runOnlyForDeploymentPostprocessing = 0;
		};
		C38FE85129A0DC67005BF439 /* Frameworks */ = {
			isa = PBXFrameworksBuildPhase;
			buildActionMask = 2147483647;
			files = (
			);
			runOnlyForDeploymentPostprocessing = 0;
		};
/* End PBXFrameworksBuildPhase section */

/* Begin PBXGroup section */
		C38FE83B29A0DC65005BF439 = {
			isa = PBXGroup;
			children = (
				C38FE84629A0DC65005BF439 /* Coocoo */,
				C38FE85729A0DC67005BF439 /* CoocooTests */,
				C38FE84529A0DC65005BF439 /* Products */,
			);
			sourceTree = "<group>";
		};
		C38FE84529A0DC65005BF439 /* Products */ = {
			isa = PBXGroup;
			children = (
				C38FE84429A0DC65005BF439 /* Coocoo.app */,
				C38FE85429A0DC67005BF439 /* CoocooTests.xctest */,
			);
			name = Products;
			sourceTree = "<group>";
		};
		C38FE84629A0DC65005BF439 /* Coocoo */ = {
			isa = PBXGroup;
			children = (
				C3F19A4C29A2951A00270B47 /* Info.plist */,
				C38FE84729A0DC65005BF439 /* CoocooApp.swift */,
				C38FE84929A0DC65005BF439 /* ContentView.swift */,
				C38FE88229A108FA005BF439 /* Views */,
				C38FE87D29A1085F005BF439 /* Models */,
				C3F19A3829A24CAA00270B47 /* Mappers */,
				C3F19A3A29A24CF300270B47 /* Adapters */,
				C38FE87E29A1086D005BF439 /* UseCases */,
				C38FE87F29A1087B005BF439 /* Repositories */,
				C3F19A4429A28B9F00270B47 /* Components */,
				C3F19A3929A24CB900270B47 /* APIs & DTOs */,
				C38FE84B29A0DC67005BF439 /* Assets.xcassets */,
				C38FE84D29A0DC67005BF439 /* Preview Content */,
			);
			path = Coocoo;
			sourceTree = "<group>";
		};
		C38FE84D29A0DC67005BF439 /* Preview Content */ = {
			isa = PBXGroup;
			children = (
				C38FE84E29A0DC67005BF439 /* Preview Assets.xcassets */,
			);
			path = "Preview Content";
			sourceTree = "<group>";
		};
		C38FE85729A0DC67005BF439 /* CoocooTests */ = {
			isa = PBXGroup;
			children = (
				C3F19A4B29A292CA00270B47 /* Info.plist */,
				C38FE85829A0DC67005BF439 /* NotificationViewTests.swift */,
			);
			path = CoocooTests;
			sourceTree = "<group>";
		};
		C38FE87D29A1085F005BF439 /* Models */ = {
			isa = PBXGroup;
			children = (
				C38FE87529A0E4F9005BF439 /* NotificationModel.swift */,
				C3869CE029A1430C00114656 /* Stations.swift */,
			);
			path = Models;
			sourceTree = "<group>";
		};
		C38FE87E29A1086D005BF439 /* UseCases */ = {
			isa = PBXGroup;
			children = (
				C3F19A3429A24A7A00270B47 /* FetchStationsUseCase.swift */,
				C38FE87129A0DC8E005BF439 /* SendNotificationUseCase.swift */,
				C38FE87B29A0EBBB005BF439 /* ReceiveNotificationUseCase.swift */,
			);
			path = UseCases;
			sourceTree = "<group>";
		};
		C38FE87F29A1087B005BF439 /* Repositories */ = {
			isa = PBXGroup;
			children = (
				C3F19A2E29A23F5100270B47 /* FetchStationsRepository.swift */,
				C38FE87329A0E4D7005BF439 /* SendNotificationRepository.swift */,
				C38FE88029A108B5005BF439 /* ReceiveNotificationRepository.swift */,
			);
			path = Repositories;
			sourceTree = "<group>";
		};
		C38FE88229A108FA005BF439 /* Views */ = {
			isa = PBXGroup;
			children = (
				C38FE87929A0E586005BF439 /* NotificationView.swift */,
				C3F19A3B29A24ECA00270B47 /* StationListView.swift */,
			);
			path = Views;
			sourceTree = "<group>";
		};
		C3F19A3829A24CAA00270B47 /* Mappers */ = {
			isa = PBXGroup;
			children = (
				C3F19A3629A24ABE00270B47 /* StationDtoMapper.swift */,
			);
			path = Mappers;
			sourceTree = "<group>";
		};
		C3F19A3929A24CB900270B47 /* APIs & DTOs */ = {
			isa = PBXGroup;
			children = (
				C3F19A3229A242B300270B47 /* StationsDto.swift */,
				C3869CDE29A1413600114656 /* StationsApi.swift */,
			);
			path = "APIs & DTOs";
			sourceTree = "<group>";
		};
		C3F19A3A29A24CF300270B47 /* Adapters */ = {
			isa = PBXGroup;
			children = (
				C3F19A3029A240AD00270B47 /* StationsApiAdapter.swift */,
			);
			path = Adapters;
			sourceTree = "<group>";
		};
		C3F19A4429A28B9F00270B47 /* Components */ = {
			isa = PBXGroup;
			children = (
				C3F19A4929A28C4C00270B47 /* AudioPlayerComponent.swift */,
			);
			path = Components;
			sourceTree = "<group>";
		};
/* End PBXGroup section */

/* Begin PBXNativeTarget section */
		C38FE84329A0DC65005BF439 /* Coocoo */ = {
			isa = PBXNativeTarget;
			buildConfigurationList = C38FE86829A0DC67005BF439 /* Build configuration list for PBXNativeTarget "Coocoo" */;
			buildPhases = (
				C38FE84029A0DC65005BF439 /* Sources */,
				C38FE84129A0DC65005BF439 /* Frameworks */,
				C38FE84229A0DC65005BF439 /* Resources */,
			);
			buildRules = (
			);
			dependencies = (
			);
			name = Coocoo;
			productName = Coocoo;
			productReference = C38FE84429A0DC65005BF439 /* Coocoo.app */;
			productType = "com.apple.product-type.application";
		};
		C38FE85329A0DC67005BF439 /* CoocooTests */ = {
			isa = PBXNativeTarget;
			buildConfigurationList = C38FE86B29A0DC67005BF439 /* Build configuration list for PBXNativeTarget "CoocooTests" */;
			buildPhases = (
				C38FE85029A0DC67005BF439 /* Sources */,
				C38FE85129A0DC67005BF439 /* Frameworks */,
				C38FE85229A0DC67005BF439 /* Resources */,
			);
			buildRules = (
			);
			dependencies = (
				C38FE85629A0DC67005BF439 /* PBXTargetDependency */,
			);
			name = CoocooTests;
			productName = CoocooTests;
			productReference = C38FE85429A0DC67005BF439 /* CoocooTests.xctest */;
			productType = "com.apple.product-type.bundle.unit-test";
		};
/* End PBXNativeTarget section */

/* Begin PBXProject section */
		C38FE83C29A0DC65005BF439 /* Project object */ = {
			isa = PBXProject;
			attributes = {
				BuildIndependentTargetsInParallel = 1;
				LastSwiftUpdateCheck = 1420;
				LastUpgradeCheck = 1420;
				TargetAttributes = {
					C38FE84329A0DC65005BF439 = {
						CreatedOnToolsVersion = 14.2;
					};
					C38FE85329A0DC67005BF439 = {
						CreatedOnToolsVersion = 14.2;
						TestTargetID = C38FE84329A0DC65005BF439;
					};
				};
			};
			buildConfigurationList = C38FE83F29A0DC65005BF439 /* Build configuration list for PBXProject "Coocoo" */;
			compatibilityVersion = "Xcode 14.0";
			developmentRegion = en;
			hasScannedForEncodings = 0;
			knownRegions = (
				en,
				Base,
			);
			mainGroup = C38FE83B29A0DC65005BF439;
			productRefGroup = C38FE84529A0DC65005BF439 /* Products */;
			projectDirPath = "";
			projectRoot = "";
			targets = (
				C38FE84329A0DC65005BF439 /* Coocoo */,
				C38FE85329A0DC67005BF439 /* CoocooTests */,
			);
		};
/* End PBXProject section */

/* Begin PBXResourcesBuildPhase section */
		C38FE84229A0DC65005BF439 /* Resources */ = {
			isa = PBXResourcesBuildPhase;
			buildActionMask = 2147483647;
			files = (
				C38FE84F29A0DC67005BF439 /* Preview Assets.xcassets in Resources */,
				C38FE84C29A0DC67005BF439 /* Assets.xcassets in Resources */,
			);
			runOnlyForDeploymentPostprocessing = 0;
		};
		C38FE85229A0DC67005BF439 /* Resources */ = {
			isa = PBXResourcesBuildPhase;
			buildActionMask = 2147483647;
			files = (
			);
			runOnlyForDeploymentPostprocessing = 0;
		};
/* End PBXResourcesBuildPhase section */

/* Begin PBXSourcesBuildPhase section */
		C38FE84029A0DC65005BF439 /* Sources */ = {
			isa = PBXSourcesBuildPhase;
			buildActionMask = 2147483647;
			files = (
				C38FE88129A108B5005BF439 /* ReceiveNotificationRepository.swift in Sources */,
				C38FE84A29A0DC65005BF439 /* ContentView.swift in Sources */,
				C38FE84829A0DC65005BF439 /* CoocooApp.swift in Sources */,
				C3F19A3529A24A7A00270B47 /* FetchStationsUseCase.swift in Sources */,
				C3F19A2F29A23F5100270B47 /* FetchStationsRepository.swift in Sources */,
				C38FE87A29A0E586005BF439 /* NotificationView.swift in Sources */,
				C38FE87429A0E4D7005BF439 /* SendNotificationRepository.swift in Sources */,
				C3F19A4A29A28C4C00270B47 /* AudioPlayerComponent.swift in Sources */,
				C3F19A3329A242B300270B47 /* StationsDto.swift in Sources */,
				C38FE87C29A0EBBB005BF439 /* ReceiveNotificationUseCase.swift in Sources */,
				C3F19A3C29A24ECA00270B47 /* StationListView.swift in Sources */,
				C3869CE129A1430C00114656 /* Stations.swift in Sources */,
				C38FE87629A0E4F9005BF439 /* NotificationModel.swift in Sources */,
				C3F19A3729A24ABE00270B47 /* StationDtoMapper.swift in Sources */,
				C3869CDF29A1413600114656 /* StationsApi.swift in Sources */,
				C38FE87229A0DC8E005BF439 /* SendNotificationUseCase.swift in Sources */,
				C3F19A3129A240AD00270B47 /* StationsApiAdapter.swift in Sources */,
			);
			runOnlyForDeploymentPostprocessing = 0;
		};
		C38FE85029A0DC67005BF439 /* Sources */ = {
			isa = PBXSourcesBuildPhase;
			buildActionMask = 2147483647;
			files = (
				C38FE85929A0DC67005BF439 /* NotificationViewTests.swift in Sources */,
			);
			runOnlyForDeploymentPostprocessing = 0;
		};
/* End PBXSourcesBuildPhase section */

/* Begin PBXTargetDependency section */
		C38FE85629A0DC67005BF439 /* PBXTargetDependency */ = {
			isa = PBXTargetDependency;
			target = C38FE84329A0DC65005BF439 /* Coocoo */;
			targetProxy = C38FE85529A0DC67005BF439 /* PBXContainerItemProxy */;
		};
/* End PBXTargetDependency section */

/* Begin XCBuildConfiguration section */
		C38FE86629A0DC67005BF439 /* Debug */ = {
			isa = XCBuildConfiguration;
			buildSettings = {
				ALWAYS_SEARCH_USER_PATHS = NO;
				CLANG_ANALYZER_NONNULL = YES;
				CLANG_ANALYZER_NUMBER_OBJECT_CONVERSION = YES_AGGRESSIVE;
				CLANG_CXX_LANGUAGE_STANDARD = "gnu++20";
				CLANG_ENABLE_MODULES = YES;
				CLANG_ENABLE_OBJC_ARC = YES;
				CLANG_ENABLE_OBJC_WEAK = YES;
				CLANG_WARN_BLOCK_CAPTURE_AUTORELEASING = YES;
				CLANG_WARN_BOOL_CONVERSION = YES;
				CLANG_WARN_COMMA = YES;
				CLANG_WARN_CONSTANT_CONVERSION = YES;
				CLANG_WARN_DEPRECATED_OBJC_IMPLEMENTATIONS = YES;
				CLANG_WARN_DIRECT_OBJC_ISA_USAGE = YES_ERROR;
				CLANG_WARN_DOCUMENTATION_COMMENTS = YES;
				CLANG_WARN_EMPTY_BODY = YES;
				CLANG_WARN_ENUM_CONVERSION = YES;
				CLANG_WARN_INFINITE_RECURSION = YES;
				CLANG_WARN_INT_CONVERSION = YES;
				CLANG_WARN_NON_LITERAL_NULL_CONVERSION = YES;
				CLANG_WARN_OBJC_IMPLICIT_RETAIN_SELF = YES;
				CLANG_WARN_OBJC_LITERAL_CONVERSION = YES;
				CLANG_WARN_OBJC_ROOT_CLASS = YES_ERROR;
				CLANG_WARN_QUOTED_INCLUDE_IN_FRAMEWORK_HEADER = YES;
				CLANG_WARN_RANGE_LOOP_ANALYSIS = YES;
				CLANG_WARN_STRICT_PROTOTYPES = YES;
				CLANG_WARN_SUSPICIOUS_MOVE = YES;
				CLANG_WARN_UNGUARDED_AVAILABILITY = YES_AGGRESSIVE;
				CLANG_WARN_UNREACHABLE_CODE = YES;
				CLANG_WARN__DUPLICATE_METHOD_MATCH = YES;
				COPY_PHASE_STRIP = NO;
				DEBUG_INFORMATION_FORMAT = dwarf;
				ENABLE_STRICT_OBJC_MSGSEND = YES;
				ENABLE_TESTABILITY = YES;
				GCC_C_LANGUAGE_STANDARD = gnu11;
				GCC_DYNAMIC_NO_PIC = NO;
				GCC_NO_COMMON_BLOCKS = YES;
				GCC_OPTIMIZATION_LEVEL = 0;
				GCC_PREPROCESSOR_DEFINITIONS = (
					"DEBUG=1",
					"$(inherited)",
				);
				GCC_WARN_64_TO_32_BIT_CONVERSION = YES;
				GCC_WARN_ABOUT_RETURN_TYPE = YES_ERROR;
				GCC_WARN_UNDECLARED_SELECTOR = YES;
				GCC_WARN_UNINITIALIZED_AUTOS = YES_AGGRESSIVE;
				GCC_WARN_UNUSED_FUNCTION = YES;
				GCC_WARN_UNUSED_VARIABLE = YES;
				IPHONEOS_DEPLOYMENT_TARGET = 16.2;
				MTL_ENABLE_DEBUG_INFO = INCLUDE_SOURCE;
				MTL_FAST_MATH = YES;
				ONLY_ACTIVE_ARCH = YES;
				SDKROOT = iphoneos;
				SWIFT_ACTIVE_COMPILATION_CONDITIONS = DEBUG;
				SWIFT_OPTIMIZATION_LEVEL = "-Onone";
			};
			name = Debug;
		};
		C38FE86729A0DC67005BF439 /* Release */ = {
			isa = XCBuildConfiguration;
			buildSettings = {
				ALWAYS_SEARCH_USER_PATHS = NO;
				CLANG_ANALYZER_NONNULL = YES;
				CLANG_ANALYZER_NUMBER_OBJECT_CONVERSION = YES_AGGRESSIVE;
				CLANG_CXX_LANGUAGE_STANDARD = "gnu++20";
				CLANG_ENABLE_MODULES = YES;
				CLANG_ENABLE_OBJC_ARC = YES;
				CLANG_ENABLE_OBJC_WEAK = YES;
				CLANG_WARN_BLOCK_CAPTURE_AUTORELEASING = YES;
				CLANG_WARN_BOOL_CONVERSION = YES;
				CLANG_WARN_COMMA = YES;
				CLANG_WARN_CONSTANT_CONVERSION = YES;
				CLANG_WARN_DEPRECATED_OBJC_IMPLEMENTATIONS = YES;
				CLANG_WARN_DIRECT_OBJC_ISA_USAGE = YES_ERROR;
				CLANG_WARN_DOCUMENTATION_COMMENTS = YES;
				CLANG_WARN_EMPTY_BODY = YES;
				CLANG_WARN_ENUM_CONVERSION = YES;
				CLANG_WARN_INFINITE_RECURSION = YES;
				CLANG_WARN_INT_CONVERSION = YES;
				CLANG_WARN_NON_LITERAL_NULL_CONVERSION = YES;
				CLANG_WARN_OBJC_IMPLICIT_RETAIN_SELF = YES;
				CLANG_WARN_OBJC_LITERAL_CONVERSION = YES;
				CLANG_WARN_OBJC_ROOT_CLASS = YES_ERROR;
				CLANG_WARN_QUOTED_INCLUDE_IN_FRAMEWORK_HEADER = YES;
				CLANG_WARN_RANGE_LOOP_ANALYSIS = YES;
				CLANG_WARN_STRICT_PROTOTYPES = YES;
				CLANG_WARN_SUSPICIOUS_MOVE = YES;
				CLANG_WARN_UNGUARDED_AVAILABILITY = YES_AGGRESSIVE;
				CLANG_WARN_UNREACHABLE_CODE = YES;
				CLANG_WARN__DUPLICATE_METHOD_MATCH = YES;
				COPY_PHASE_STRIP = NO;
				DEBUG_INFORMATION_FORMAT = "dwarf-with-dsym";
				ENABLE_NS_ASSERTIONS = NO;
				ENABLE_STRICT_OBJC_MSGSEND = YES;
				GCC_C_LANGUAGE_STANDARD = gnu11;
				GCC_NO_COMMON_BLOCKS = YES;
				GCC_WARN_64_TO_32_BIT_CONVERSION = YES;
				GCC_WARN_ABOUT_RETURN_TYPE = YES_ERROR;
				GCC_WARN_UNDECLARED_SELECTOR = YES;
				GCC_WARN_UNINITIALIZED_AUTOS = YES_AGGRESSIVE;
				GCC_WARN_UNUSED_FUNCTION = YES;
				GCC_WARN_UNUSED_VARIABLE = YES;
				IPHONEOS_DEPLOYMENT_TARGET = 16.2;
				MTL_ENABLE_DEBUG_INFO = NO;
				MTL_FAST_MATH = YES;
				SDKROOT = iphoneos;
				SWIFT_COMPILATION_MODE = wholemodule;
				SWIFT_OPTIMIZATION_LEVEL = "-O";
				VALIDATE_PRODUCT = YES;
			};
			name = Release;
		};
		C38FE86929A0DC67005BF439 /* Debug */ = {
			isa = XCBuildConfiguration;
			buildSettings = {
				ASSETCATALOG_COMPILER_APPICON_NAME = AppIcon;
				ASSETCATALOG_COMPILER_GLOBAL_ACCENT_COLOR_NAME = AccentColor;
				CODE_SIGN_STYLE = Automatic;
				CURRENT_PROJECT_VERSION = 1;
				DEVELOPMENT_ASSET_PATHS = "\"Coocoo/Preview Content\"";
				DEVELOPMENT_TEAM = B637BE2R39;
				ENABLE_PREVIEWS = YES;
				GENERATE_INFOPLIST_FILE = YES;
				INFOPLIST_FILE = Coocoo/Info.plist;
				INFOPLIST_KEY_UIApplicationSceneManifest_Generation = YES;
				INFOPLIST_KEY_UIApplicationSupportsIndirectInputEvents = YES;
				INFOPLIST_KEY_UILaunchScreen_Generation = YES;
				INFOPLIST_KEY_UISupportedInterfaceOrientations_iPad = "UIInterfaceOrientationPortrait UIInterfaceOrientationPortraitUpsideDown UIInterfaceOrientationLandscapeLeft UIInterfaceOrientationLandscapeRight";
				INFOPLIST_KEY_UISupportedInterfaceOrientations_iPhone = "UIInterfaceOrientationPortrait UIInterfaceOrientationLandscapeLeft UIInterfaceOrientationLandscapeRight";
				LD_RUNPATH_SEARCH_PATHS = (
					"$(inherited)",
					"@executable_path/Frameworks",
				);
				MARKETING_VERSION = 1.0;
				PRODUCT_BUNDLE_IDENTIFIER = com.woqomoqo.Coocoo;
				PRODUCT_NAME = "$(TARGET_NAME)";
				SWIFT_EMIT_LOC_STRINGS = YES;
				SWIFT_VERSION = 5.0;
				TARGETED_DEVICE_FAMILY = "1,2";
			};
			name = Debug;
		};
		C38FE86A29A0DC67005BF439 /* Release */ = {
			isa = XCBuildConfiguration;
			buildSettings = {
				ASSETCATALOG_COMPILER_APPICON_NAME = AppIcon;
				ASSETCATALOG_COMPILER_GLOBAL_ACCENT_COLOR_NAME = AccentColor;
				CODE_SIGN_STYLE = Automatic;
				CURRENT_PROJECT_VERSION = 1;
				DEVELOPMENT_ASSET_PATHS = "\"Coocoo/Preview Content\"";
				DEVELOPMENT_TEAM = B637BE2R39;
				ENABLE_PREVIEWS = YES;
				GENERATE_INFOPLIST_FILE = YES;
				INFOPLIST_FILE = Coocoo/Info.plist;
				INFOPLIST_KEY_UIApplicationSceneManifest_Generation = YES;
				INFOPLIST_KEY_UIApplicationSupportsIndirectInputEvents = YES;
				INFOPLIST_KEY_UILaunchScreen_Generation = YES;
				INFOPLIST_KEY_UISupportedInterfaceOrientations_iPad = "UIInterfaceOrientationPortrait UIInterfaceOrientationPortraitUpsideDown UIInterfaceOrientationLandscapeLeft UIInterfaceOrientationLandscapeRight";
				INFOPLIST_KEY_UISupportedInterfaceOrientations_iPhone = "UIInterfaceOrientationPortrait UIInterfaceOrientationLandscapeLeft UIInterfaceOrientationLandscapeRight";
				LD_RUNPATH_SEARCH_PATHS = (
					"$(inherited)",
					"@executable_path/Frameworks",
				);
				MARKETING_VERSION = 1.0;
				PRODUCT_BUNDLE_IDENTIFIER = com.woqomoqo.Coocoo;
				PRODUCT_NAME = "$(TARGET_NAME)";
				SWIFT_EMIT_LOC_STRINGS = YES;
				SWIFT_VERSION = 5.0;
				TARGETED_DEVICE_FAMILY = "1,2";
			};
			name = Release;
		};
		C38FE86C29A0DC67005BF439 /* Debug */ = {
			isa = XCBuildConfiguration;
			buildSettings = {
				ALWAYS_EMBED_SWIFT_STANDARD_LIBRARIES = YES;
				BUNDLE_LOADER = "$(TEST_HOST)";
				CODE_SIGN_STYLE = Automatic;
				CURRENT_PROJECT_VERSION = 1;
				DEVELOPMENT_TEAM = B637BE2R39;
				GENERATE_INFOPLIST_FILE = YES;
				INFOPLIST_FILE = CoocooTests/Info.plist;
				INFOPLIST_KEY_LSApplicationCategoryType = "";
				IPHONEOS_DEPLOYMENT_TARGET = 16.2;
				MARKETING_VERSION = 1.0;
				PRODUCT_BUNDLE_IDENTIFIER = com.woqomoqo.CoocooTests;
				PRODUCT_NAME = "$(TARGET_NAME)";
				SWIFT_EMIT_LOC_STRINGS = NO;
				SWIFT_VERSION = 5.0;
				TARGETED_DEVICE_FAMILY = "1,2";
				TEST_HOST = "$(BUILT_PRODUCTS_DIR)/Coocoo.app/$(BUNDLE_EXECUTABLE_FOLDER_PATH)/Coocoo";
			};
			name = Debug;
		};
		C38FE86D29A0DC67005BF439 /* Release */ = {
			isa = XCBuildConfiguration;
			buildSettings = {
				ALWAYS_EMBED_SWIFT_STANDARD_LIBRARIES = YES;
				BUNDLE_LOADER = "$(TEST_HOST)";
				CODE_SIGN_STYLE = Automatic;
				CURRENT_PROJECT_VERSION = 1;
				DEVELOPMENT_TEAM = B637BE2R39;
				GENERATE_INFOPLIST_FILE = YES;
				INFOPLIST_FILE = CoocooTests/Info.plist;
				INFOPLIST_KEY_LSApplicationCategoryType = "";
				IPHONEOS_DEPLOYMENT_TARGET = 16.2;
				MARKETING_VERSION = 1.0;
				PRODUCT_BUNDLE_IDENTIFIER = com.woqomoqo.CoocooTests;
				PRODUCT_NAME = "$(TARGET_NAME)";
				SWIFT_EMIT_LOC_STRINGS = NO;
				SWIFT_VERSION = 5.0;
				TARGETED_DEVICE_FAMILY = "1,2";
				TEST_HOST = "$(BUILT_PRODUCTS_DIR)/Coocoo.app/$(BUNDLE_EXECUTABLE_FOLDER_PATH)/Coocoo";
			};
			name = Release;
		};
/* End XCBuildConfiguration section */

/* Begin XCConfigurationList section */
		C38FE83F29A0DC65005BF439 /* Build configuration list for PBXProject "Coocoo" */ = {
			isa = XCConfigurationList;
			buildConfigurations = (
				C38FE86629A0DC67005BF439 /* Debug */,
				C38FE86729A0DC67005BF439 /* Release */,
			);
			defaultConfigurationIsVisible = 0;
			defaultConfigurationName = Release;
		};
		C38FE86829A0DC67005BF439 /* Build configuration list for PBXNativeTarget "Coocoo" */ = {
			isa = XCConfigurationList;
			buildConfigurations = (
				C38FE86929A0DC67005BF439 /* Debug */,
				C38FE86A29A0DC67005BF439 /* Release */,
			);
			defaultConfigurationIsVisible = 0;
			defaultConfigurationName = Release;
		};
		C38FE86B29A0DC67005BF439 /* Build configuration list for PBXNativeTarget "CoocooTests" */ = {
			isa = XCConfigurationList;
			buildConfigurations = (
				C38FE86C29A0DC67005BF439 /* Debug */,
				C38FE86D29A0DC67005BF439 /* Release */,
			);
			defaultConfigurationIsVisible = 0;
			defaultConfigurationName = Release;
		};
/* End XCConfigurationList section */
	};
	rootObject = C38FE83C29A0DC65005BF439 /* Project object */;
}
